version = 1
revision = 3
requires-python = ">=3.12"

[[package]]
name = "mitchallen-coin"
version = "1.0.3"
source = { registry = "https://pypi.org/simple" }
sdist = { url = "https://files.pythonhosted.org/packages/ab/aa/bd3e96c968a575ec0897e601bce02df96465455c4e855b558a1cccfe2b4f/mitchallen_coin-1.0.3.tar.gz", hash = "sha256:20ca36c78dad186fbb3e1834d5a5745c2cdd263a0f35ec1f7e402587e11bf441", size = 28678, upload-time = "2025-11-18T15:02:07.292Z" }
wheels = [
    { url = "https://files.pythonhosted.org/packages/d3/fd/6d834bb3c7af7f4102c3bc0f20f0a583ccf371a63d91a8876d65932f8b1b/mitchallen_coin-1.0.3-py3-none-any.whl", hash = "sha256:b635388c51b4ee237d873b8fef31162ab5b68f4b81eb29fe1432b2c1cf83d806", size = 3715, upload-time = "2025-11-18T15:02:06.283Z" },
]

[[package]]
name = "python-coin-flip-test"
version = "0.1.0"
source = { virtual = "." }
dependencies = [
    { name = "mitchallen-coin" },
]

[package.metadata]
requires-dist = [{ name = "mitchallen-coin", specifier = ">=0.1.2" }]
