version = 1
revision = 3
requires-python = ">=3.12"

[[package]]
name = "mitchallen-coin"
version = "0.1.2"
source = { registry = "https://pypi.org/simple" }
sdist = { url = "https://files.pythonhosted.org/packages/f8/5f/ec20b52f03c132889cd2f4c5636dd51f193ec3ded6cc7c77dde8eb04ab09/mitchallen_coin-0.1.2.tar.gz", hash = "sha256:5e98d5ded0846bd6275d69c22fccf1c153b96379df8c8e76d1e355ba303d1ce2", size = 7141, upload-time = "2025-11-18T04:15:44.769Z" }
wheels = [
    { url = "https://files.pythonhosted.org/packages/21/85/b773b9a541126f6b3a82516dd76ae6ad22e13109149d886d332e653ec0fc/mitchallen_coin-0.1.2-py3-none-any.whl", hash = "sha256:7d172f2fa4c22fc92c2bd01f046ad2dffef0cafca68c4463f36f594b43aee308", size = 3411, upload-time = "2025-11-18T04:15:43.361Z" },
]

[[package]]
name = "python-coin-flip-test"
version = "0.1.0"
source = { virtual = "." }
dependencies = [
    { name = "mitchallen-coin" },
]

[package.metadata]
requires-dist = [{ name = "mitchallen-coin", specifier = ">=0.1.2" }]
